
Microsoft Visual Studio Solution File, Format Version 12.00
# Visual Studio Version 17
VisualStudioVersion = 17.13.35931.197
MinimumVisualStudioVersion = 10.0.40219.1
Project("{FAE04EC0-301F-11D3-BF4B-00C04F79EFBC}") = "PropertyManager.API", "PropertyManager.API\PropertyManager.API.csproj", "{B89DD9D7-FDBD-424E-9F5C-33B5B2369CFE}"
EndProject
Project("{FAE04EC0-301F-11D3-BF4B-00C04F79EFBC}") = "PropertyManager.Application", "PropertyManager.Application\PropertyManager.Application.csproj", "{586B9BC8-FCC0-4AE1-90F4-FB0D9DA2F7EE}"
EndProject
Project("{FAE04EC0-301F-11D3-BF4B-00C04F79EFBC}") = "PropertyManager.Domain", "PropertyManager.Domain\PropertyManager.Domain.csproj", "{2F697233-3343-4073-BE34-0BF61F7EEAAE}"
EndProject
Project("{FAE04EC0-301F-11D3-BF4B-00C04F79EFBC}") = "PropertyManager.Infrastructure", "PropertyManager.Infrastructure\PropertyManager.Infrastructure.csproj", "{733B1DC4-AA2C-41FA-9104-EC601696C0B9}"
EndProject
Project("{FAE04EC0-301F-11D3-BF4B-00C04F79EFBC}") = "PropertyManager.API.Gateway", "PropertyManager.API.Gateway\PropertyManager.API.Gateway.csproj", "{253CA6E4-D78F-417A-84C1-2AF985A38DCE}"
EndProject
Project("{FAE04EC0-301F-11D3-BF4B-00C04F79EFBC}") = "PropertyManager.API.Trace", "PropertyManager.API.Trace\PropertyManager.API.Trace.csproj", "{BD233849-2DB9-4978-8812-D42D5291AB4C}"
EndProject
Project("{FAE04EC0-301F-11D3-BF4B-00C04F79EFBC}") = "PropertyManager.API.Security", "PropertyManager.API.Security\PropertyManager.API.Security.csproj", "{46F8B9A4-EC99-4685-8FE6-14C415A6E15E}"
EndProject
Project("{2150E333-8FDC-42A3-9474-1A3956D46DE8}") = "Test", "Test", "{02EA681E-C7D8-13C7-8484-4AC65E1B71E8}"
EndProject
Project("{FAE04EC0-301F-11D3-BF4B-00C04F79EFBC}") = "PropertyManager.Infrastructure.UnitTest", "PropertyManager.Infrastructure.UnitTest\PropertyManager.Infrastructure.UnitTest.csproj", "{6BB95F7F-AACA-4179-95C3-35CB45D6EB40}"
EndProject
Project("{FAE04EC0-301F-11D3-BF4B-00C04F79EFBC}") = "PropertyManager.Application.UnitTest", "PropertyManager.Application.UnitTest\PropertyManager.Application.UnitTest.csproj", "{08A9EFEA-B3E7-4A36-9807-0E1E54D59F6E}"
EndProject
Global
	GlobalSection(SolutionConfigurationPlatforms) = preSolution
		Debug|Any CPU = Debug|Any CPU
		Release|Any CPU = Release|Any CPU
	EndGlobalSection
	GlobalSection(ProjectConfigurationPlatforms) = postSolution
		{B89DD9D7-FDBD-424E-9F5C-33B5B2369CFE}.Debug|Any CPU.ActiveCfg = Debug|Any CPU
		{B89DD9D7-FDBD-424E-9F5C-33B5B2369CFE}.Debug|Any CPU.Build.0 = Debug|Any CPU
		{B89DD9D7-FDBD-424E-9F5C-33B5B2369CFE}.Release|Any CPU.ActiveCfg = Release|Any CPU
		{B89DD9D7-FDBD-424E-9F5C-33B5B2369CFE}.Release|Any CPU.Build.0 = Release|Any CPU
		{586B9BC8-FCC0-4AE1-90F4-FB0D9DA2F7EE}.Debug|Any CPU.ActiveCfg = Debug|Any CPU
		{586B9BC8-FCC0-4AE1-90F4-FB0D9DA2F7EE}.Debug|Any CPU.Build.0 = Debug|Any CPU
		{586B9BC8-FCC0-4AE1-90F4-FB0D9DA2F7EE}.Release|Any CPU.ActiveCfg = Release|Any CPU
		{586B9BC8-FCC0-4AE1-90F4-FB0D9DA2F7EE}.Release|Any CPU.Build.0 = Release|Any CPU
		{2F697233-3343-4073-BE34-0BF61F7EEAAE}.Debug|Any CPU.ActiveCfg = Debug|Any CPU
		{2F697233-3343-4073-BE34-0BF61F7EEAAE}.Debug|Any CPU.Build.0 = Debug|Any CPU
		{2F697233-3343-4073-BE34-0BF61F7EEAAE}.Release|Any CPU.ActiveCfg = Release|Any CPU
		{2F697233-3343-4073-BE34-0BF61F7EEAAE}.Release|Any CPU.Build.0 = Release|Any CPU
		{733B1DC4-AA2C-41FA-9104-EC601696C0B9}.Debug|Any CPU.ActiveCfg = Debug|Any CPU
		{733B1DC4-AA2C-41FA-9104-EC601696C0B9}.Debug|Any CPU.Build.0 = Debug|Any CPU
		{733B1DC4-AA2C-41FA-9104-EC601696C0B9}.Release|Any CPU.ActiveCfg = Release|Any CPU
		{733B1DC4-AA2C-41FA-9104-EC601696C0B9}.Release|Any CPU.Build.0 = Release|Any CPU
		{253CA6E4-D78F-417A-84C1-2AF985A38DCE}.Debug|Any CPU.ActiveCfg = Debug|Any CPU
		{253CA6E4-D78F-417A-84C1-2AF985A38DCE}.Debug|Any CPU.Build.0 = Debug|Any CPU
		{253CA6E4-D78F-417A-84C1-2AF985A38DCE}.Release|Any CPU.ActiveCfg = Release|Any CPU
		{253CA6E4-D78F-417A-84C1-2AF985A38DCE}.Release|Any CPU.Build.0 = Release|Any CPU
		{BD233849-2DB9-4978-8812-D42D5291AB4C}.Debug|Any CPU.ActiveCfg = Debug|Any CPU
		{BD233849-2DB9-4978-8812-D42D5291AB4C}.Debug|Any CPU.Build.0 = Debug|Any CPU
		{BD233849-2DB9-4978-8812-D42D5291AB4C}.Release|Any CPU.ActiveCfg = Release|Any CPU
		{BD233849-2DB9-4978-8812-D42D5291AB4C}.Release|Any CPU.Build.0 = Release|Any CPU
		{46F8B9A4-EC99-4685-8FE6-14C415A6E15E}.Debug|Any CPU.ActiveCfg = Debug|Any CPU
		{46F8B9A4-EC99-4685-8FE6-14C415A6E15E}.Debug|Any CPU.Build.0 = Debug|Any CPU
		{46F8B9A4-EC99-4685-8FE6-14C415A6E15E}.Release|Any CPU.ActiveCfg = Release|Any CPU
		{46F8B9A4-EC99-4685-8FE6-14C415A6E15E}.Release|Any CPU.Build.0 = Release|Any CPU
		{6BB95F7F-AACA-4179-95C3-35CB45D6EB40}.Debug|Any CPU.ActiveCfg = Debug|Any CPU
		{6BB95F7F-AACA-4179-95C3-35CB45D6EB40}.Debug|Any CPU.Build.0 = Debug|Any CPU
		{6BB95F7F-AACA-4179-95C3-35CB45D6EB40}.Release|Any CPU.ActiveCfg = Release|Any CPU
		{6BB95F7F-AACA-4179-95C3-35CB45D6EB40}.Release|Any CPU.Build.0 = Release|Any CPU
		{08A9EFEA-B3E7-4A36-9807-0E1E54D59F6E}.Debug|Any CPU.ActiveCfg = Debug|Any CPU
		{08A9EFEA-B3E7-4A36-9807-0E1E54D59F6E}.Debug|Any CPU.Build.0 = Debug|Any CPU
		{08A9EFEA-B3E7-4A36-9807-0E1E54D59F6E}.Release|Any CPU.ActiveCfg = Release|Any CPU
		{08A9EFEA-B3E7-4A36-9807-0E1E54D59F6E}.Release|Any CPU.Build.0 = Release|Any CPU
	EndGlobalSection
	GlobalSection(SolutionProperties) = preSolution
		HideSolutionNode = FALSE
	EndGlobalSection
	GlobalSection(NestedProjects) = preSolution
		{6BB95F7F-AACA-4179-95C3-35CB45D6EB40} = {02EA681E-C7D8-13C7-8484-4AC65E1B71E8}
		{08A9EFEA-B3E7-4A36-9807-0E1E54D59F6E} = {02EA681E-C7D8-13C7-8484-4AC65E1B71E8}
	EndGlobalSection
	GlobalSection(ExtensibilityGlobals) = postSolution
		SolutionGuid = {DD0FCDFF-1DC0-42E0-AE11-6125B4C68425}
	EndGlobalSection
EndGlobal
